
Microsoft Visual Studio Solution File, Format Version 12.00
# Visual Studio Version 16
VisualStudioVersion = 16.0.31729.503
MinimumVisualStudioVersion = 10.0.40219.1
Project("{FAE04EC0-301F-11D3-BF4B-00C04F79EFBC}") = "CS_DZ_OOP_2", "CS_DZ_OOP_2\CS_DZ_OOP_2.csproj", "{7D5FF6CC-31C7-4B15-A65F-F0D43CED7739}"
EndProject
Global
	GlobalSection(SolutionConfigurationPlatforms) = preSolution
		Debug|Any CPU = Debug|Any CPU
		Release|Any CPU = Release|Any CPU
	EndGlobalSection
	GlobalSection(ProjectConfigurationPlatforms) = postSolution
		{7D5FF6CC-31C7-4B15-A65F-F0D43CED7739}.Debug|Any CPU.ActiveCfg = Debug|Any CPU
		{7D5FF6CC-31C7-4B15-A65F-F0D43CED7739}.Debug|Any CPU.Build.0 = Debug|Any CPU
		{7D5FF6CC-31C7-4B15-A65F-F0D43CED7739}.Release|Any CPU.ActiveCfg = Release|Any CPU
		{7D5FF6CC-31C7-4B15-A65F-F0D43CED7739}.Release|Any CPU.Build.0 = Release|Any CPU
	EndGlobalSection
	GlobalSection(SolutionProperties) = preSolution
		HideSolutionNode = FALSE
	EndGlobalSection
	GlobalSection(ExtensibilityGlobals) = postSolution
		SolutionGuid = {DE999829-2B2F-4CA9-8698-A110B44A54D9}
	EndGlobalSection
EndGlobal
